{
  "name": "Worktime",
  "lockfileVersion": 3,
  "requires": true,
  "packages": {
    "": {
      "dependencies": {
        "jquery-timepicker": "^1.3.3"
      }
    },
    "node_modules/jquery": {
      "version": "3.7.0",
      "resolved": "https://registry.npmjs.org/jquery/-/jquery-3.7.0.tgz",
      "integrity": "sha512-umpJ0/k8X0MvD1ds0P9SfowREz2LenHsQaxSohMZ5OMNEU2r0tf8pdeEFTHMFxWVxKNyU9rTtK3CWzUCTKJUeQ=="
    },
    "node_modules/jquery-timepicker": {
      "version": "1.3.3",
      "resolved": "https://registry.npmjs.org/jquery-timepicker/-/jquery-timepicker-1.3.3.tgz",
      "integrity": "sha512-yNIFmG80xyW6W4UNYUFBSQFfnjlz07MSIZRk3GNEnDbqLS0hikTu4l/FKtOMEF9HvP9fQvI27BMMnhiCu6wDsQ==",
      "dependencies": {
        "jquery": ">= 1.4.3"
      },
      "engines": {
        "node": ">= 0.6.0"
      }
    }
  }
}
